
Microsoft Visual Studio Solution File, Format Version 12.00
# Visual Studio Version 16
VisualStudioVersion = 16.0.31702.278
MinimumVisualStudioVersion = 10.0.40219.1
Project("{FAE04EC0-301F-11D3-BF4B-00C04F79EFBC}") = "MineSweeper", "MineSweeper\MineSweeper.csproj", "{711D0375-0139-46FA-9DF9-1D99463B7D32}"
EndProject
Global
	GlobalSection(SolutionConfigurationPlatforms) = preSolution
		Debug|Any CPU = Debug|Any CPU
		Release|Any CPU = Release|Any CPU
	EndGlobalSection
	GlobalSection(ProjectConfigurationPlatforms) = postSolution
		{711D0375-0139-46FA-9DF9-1D99463B7D32}.Debug|Any CPU.ActiveCfg = Debug|Any CPU
		{711D0375-0139-46FA-9DF9-1D99463B7D32}.Debug|Any CPU.Build.0 = Debug|Any CPU
		{711D0375-0139-46FA-9DF9-1D99463B7D32}.Release|Any CPU.ActiveCfg = Release|Any CPU
		{711D0375-0139-46FA-9DF9-1D99463B7D32}.Release|Any CPU.Build.0 = Release|Any CPU
	EndGlobalSection
	GlobalSection(SolutionProperties) = preSolution
		HideSolutionNode = FALSE
	EndGlobalSection
	GlobalSection(ExtensibilityGlobals) = postSolution
		SolutionGuid = {62887FFC-4249-4814-87E2-BBC7476E937E}
	EndGlobalSection
EndGlobal
